
Microsoft Visual Studio Solution File, Format Version 12.00
# Visual Studio Version 16
VisualStudioVersion = 16.0.30204.135
MinimumVisualStudioVersion = 10.0.40219.1
Project("{9A19103F-16F7-4668-BE54-9A1E7A4F7556}") = "Agrosoft", "Agrosoft\Agrosoft.csproj", "{7791D060-AD2D-49D2-8C77-6C46DD734908}"
EndProject
Project("{FAE04EC0-301F-11D3-BF4B-00C04F79EFBC}") = "AgrosoftTests", "AgrosoftTests\AgrosoftTests.csproj", "{C8B0ED0E-9EBD-4A21-BF51-9F9FB89E8DB8}"
EndProject
Global
	GlobalSection(SolutionConfigurationPlatforms) = preSolution
		Debug|Any CPU = Debug|Any CPU
		Release|Any CPU = Release|Any CPU
	EndGlobalSection
	GlobalSection(ProjectConfigurationPlatforms) = postSolution
		{7791D060-AD2D-49D2-8C77-6C46DD734908}.Debug|Any CPU.ActiveCfg = Debug|Any CPU
		{7791D060-AD2D-49D2-8C77-6C46DD734908}.Debug|Any CPU.Build.0 = Debug|Any CPU
		{7791D060-AD2D-49D2-8C77-6C46DD734908}.Release|Any CPU.ActiveCfg = Release|Any CPU
		{7791D060-AD2D-49D2-8C77-6C46DD734908}.Release|Any CPU.Build.0 = Release|Any CPU
		{C8B0ED0E-9EBD-4A21-BF51-9F9FB89E8DB8}.Debug|Any CPU.ActiveCfg = Debug|Any CPU
		{C8B0ED0E-9EBD-4A21-BF51-9F9FB89E8DB8}.Debug|Any CPU.Build.0 = Debug|Any CPU
		{C8B0ED0E-9EBD-4A21-BF51-9F9FB89E8DB8}.Release|Any CPU.ActiveCfg = Release|Any CPU
		{C8B0ED0E-9EBD-4A21-BF51-9F9FB89E8DB8}.Release|Any CPU.Build.0 = Release|Any CPU
	EndGlobalSection
	GlobalSection(SolutionProperties) = preSolution
		HideSolutionNode = FALSE
	EndGlobalSection
	GlobalSection(ExtensibilityGlobals) = postSolution
		SolutionGuid = {EF66E06B-1344-45B9-86AB-ECECA0554505}
	EndGlobalSection
EndGlobal
